{
  "name": "i18n-abide",
  "version": "0.0.26",
  "lockfileVersion": 1,
  "requires": true,
  "dependencies": {
    "acorn": {
      "version": "5.7.4",
      "resolved": "https://registry.npmjs.org/acorn/-/acorn-5.7.4.tgz",
      "integrity": "sha512-1D++VG7BhrtvQpNbBzovKNc1FLGGEE/oGe7b9xJm/RFHMBeUaUGpluV9RLjZa47YFdPcDAenEYuq9pQPcMdLJg=="
    },
    "acorn-jsx": {
      "version": "4.1.1",
      "resolved": "https://registry.npmjs.org/acorn-jsx/-/acorn-jsx-4.1.1.tgz",
      "integrity": "sha512-JY+iV6r+cO21KtntVvFkD+iqjtdpRUpGqKWgfkCdZq1R+kbreEl8EcdcJR4SmiIgsIQT33s6QzheQ9a275Q8xw==",
      "requires": {
        "acorn": "^5.0.3"
      }
    },
    "async": {
      "version": "2.6.1",
      "resolved": "https://registry.npmjs.org/async/-/async-2.6.1.tgz",
      "integrity": "sha512-fNEiL2+AZt6AlAw/29Cr0UDe4sRAHCpEHh54WMz+Bb7QfNcFw4h3loofyJpLeQs4Yx7yuqu/2dLgM5hKOs6HlQ==",
      "requires": {
        "lodash": "^4.17.10"
      }
    },
    "balanced-match": {
      "version": "1.0.0",
      "resolved": "https://registry.npmjs.org/balanced-match/-/balanced-match-1.0.0.tgz",
      "integrity": "sha1-ibTRmasr7kneFk6gK4nORi1xt2c=",
      "dev": true
    },
    "base64-js": {
      "version": "1.3.1",
      "resolved": "https://registry.npmjs.org/base64-js/-/base64-js-1.3.1.tgz",
      "integrity": "sha512-mLQ4i2QO1ytvGWFWmcngKO//JXAQueZvwEKtjgQFM4jIK0kU+ytMfplL8j+n5mspOfjHwoAg+9yhb7BwAHm36g=="
    },
    "brace-expansion": {
      "version": "1.1.11",
      "resolved": "https://registry.npmjs.org/brace-expansion/-/brace-expansion-1.1.11.tgz",
      "integrity": "sha512-iCuPHDFgrHX7H2vEI/5xpz07zSHB00TpugqhmYtVmMO6518mCuRMoOYFldEBl0g187ufozdaHgWKcYFb61qGiA==",
      "dev": true,
      "requires": {
        "balanced-match": "^1.0.0",
        "concat-map": "0.0.1"
      }
    },
    "character-parser": {
      "version": "2.2.0",
      "resolved": "https://registry.npmjs.org/character-parser/-/character-parser-2.2.0.tgz",
      "integrity": "sha1-x84o821LzZdE5f/CxfzeHHMmH8A=",
      "requires": {
        "is-regex": "^1.0.3"
      }
    },
    "commander": {
      "version": "2.20.3",
      "resolved": "https://registry.npmjs.org/commander/-/commander-2.20.3.tgz",
      "integrity": "sha512-GpVkmM8vF2vQUkj2LvZmD35JxeJOLCwJ9cUkugyk2nuhbv3+mJvpLYYt+0+USMxE+oj+ey/lJEnhZw75x/OMcQ=="
    },
    "concat-map": {
      "version": "0.0.1",
      "resolved": "https://registry.npmjs.org/concat-map/-/concat-map-0.0.1.tgz",
      "integrity": "sha1-2Klr13/Wjfd5OnMDajug1UBdR3s=",
      "dev": true
    },
    "core-util-is": {
      "version": "1.0.2",
      "resolved": "https://registry.npmjs.org/core-util-is/-/core-util-is-1.0.2.tgz",
      "integrity": "sha1-tf1UIgqivFq1eqtxQMlAdUUDwac="
    },
    "diff": {
      "version": "1.0.8",
      "resolved": "https://registry.npmjs.org/diff/-/diff-1.0.8.tgz",
      "integrity": "sha1-NDJ2MI7Jkbe8giZ+1VvBQR+XFmY=",
      "dev": true
    },
    "encoding": {
      "version": "0.1.12",
      "resolved": "https://registry.npmjs.org/encoding/-/encoding-0.1.12.tgz",
      "integrity": "sha1-U4tm8+5izRq1HsMjgp0flIDHS+s=",
      "requires": {
        "iconv-lite": "~0.4.13"
      }
    },
    "escape-string-regexp": {
      "version": "1.0.5",
      "resolved": "https://registry.npmjs.org/escape-string-regexp/-/escape-string-regexp-1.0.5.tgz",
      "integrity": "sha1-G2HAViGQqN/2rjuyzwIAyhMLhtQ="
    },
    "eyes": {
      "version": "0.1.8",
      "resolved": "https://registry.npmjs.org/eyes/-/eyes-0.1.8.tgz",
      "integrity": "sha1-Ys8SAjTGg3hdkCNIqADvPgzCC8A=",
      "dev": true
    },
    "fs.realpath": {
      "version": "1.0.0",
      "resolved": "https://registry.npmjs.org/fs.realpath/-/fs.realpath-1.0.0.tgz",
      "integrity": "sha1-FQStJSMVjKpA20onh8sBQRmU6k8=",
      "dev": true
    },
    "function-bind": {
      "version": "1.1.1",
      "resolved": "https://registry.npmjs.org/function-bind/-/function-bind-1.1.1.tgz",
      "integrity": "sha512-yIovAzMX49sF8Yl58fSCWJ5svSLuaibPxXQJFLmBObTuCr0Mf1KiPopGM9NiFjiYBCbfaa2Fh6breQ6ANVTI0A=="
    },
    "gettext-parser": {
      "version": "2.1.0",
      "resolved": "https://registry.npmjs.org/gettext-parser/-/gettext-parser-2.1.0.tgz",
      "integrity": "sha512-YGmu8DSm7PBnwItT+aOiqejOogqctHFzn+wBKUzjDFQP00psAtn/W2paWQxqE5eA5Ijrqaf7xuTKqyCHpuxnrg==",
      "requires": {
        "encoding": "^0.1.12",
        "readable-stream": "^2.0.0",
        "safe-buffer": "^5.1.2"
      }
    },
    "glob": {
      "version": "7.1.6",
      "resolved": "https://registry.npmjs.org/glob/-/glob-7.1.6.tgz",
      "integrity": "sha512-LwaxwyZ72Lk7vZINtNNrywX0ZuLyStrdDtabefZKAY5ZGJhVtgdznluResxNmPitE0SAO+O26sWTHeKSI2wMBA==",
      "dev": true,
      "requires": {
        "fs.realpath": "^1.0.0",
        "inflight": "^1.0.4",
        "inherits": "2",
        "minimatch": "^3.0.4",
        "once": "^1.3.0",
        "path-is-absolute": "^1.0.0"
      }
    },
    "gobbledygook": {
      "version": "https://github.com/lloyd/gobbledygook/tarball/354042684056e57ca77f036989e907707a36cff2",
      "integrity": "sha1-SzCBy1k1w+E6D5r0IV+S8xpDIr4="
    },
    "has": {
      "version": "1.0.3",
      "resolved": "https://registry.npmjs.org/has/-/has-1.0.3.tgz",
      "integrity": "sha512-f2dvO0VU6Oej7RkWJGrehjbzMAjFp5/VKPp5tTpWIV4JHHZK1/BxbFRtf/siA2SWTe09caDmVtYYzWEIbBS4zw==",
      "requires": {
        "function-bind": "^1.1.1"
      }
    },
    "iconv-lite": {
      "version": "0.4.24",
      "resolved": "https://registry.npmjs.org/iconv-lite/-/iconv-lite-0.4.24.tgz",
      "integrity": "sha512-v3MXnZAcvnywkTUEZomIActle7RXXeedOR31wwl7VlyoXO4Qi9arvSenNQWne1TcRwhCL1HwLI21bEqdpj8/rA==",
      "requires": {
        "safer-buffer": ">= 2.1.2 < 3"
      }
    },
    "inflight": {
      "version": "1.0.6",
      "resolved": "https://registry.npmjs.org/inflight/-/inflight-1.0.6.tgz",
      "integrity": "sha1-Sb1jMdfQLQwJvJEKEHW6gWW1bfk=",
      "dev": true,
      "requires": {
        "once": "^1.3.0",
        "wrappy": "1"
      }
    },
    "inherits": {
      "version": "2.0.4",
      "resolved": "https://registry.npmjs.org/inherits/-/inherits-2.0.4.tgz",
      "integrity": "sha512-k/vGaX4/Yla3WzyMCvTQOXYeIHvqOKtnqBduzTHpzpQZzAskKMhZ2K+EnBiSM9zGSoIFeMpXKxa4dYeZIQqewQ=="
    },
    "is-expression": {
      "version": "3.0.0",
      "resolved": "https://registry.npmjs.org/is-expression/-/is-expression-3.0.0.tgz",
      "integrity": "sha1-Oayqa+f9HzRx3ELHQW5hwkMXrJ8=",
      "requires": {
        "acorn": "~4.0.2",
        "object-assign": "^4.0.1"
      },
      "dependencies": {
        "acorn": {
          "version": "4.0.13",
          "resolved": "https://registry.npmjs.org/acorn/-/acorn-4.0.13.tgz",
          "integrity": "sha1-EFSVrlNh1pe9GVyCUZLhrX8lN4c="
        }
      }
    },
    "is-regex": {
      "version": "1.0.5",
      "resolved": "https://registry.npmjs.org/is-regex/-/is-regex-1.0.5.tgz",
      "integrity": "sha512-vlKW17SNq44owv5AQR3Cq0bQPEb8+kF3UKZ2fiZNOWtztYE5i0CzCZxFDwO58qAOWtxdBRVO/V5Qin1wjCqFYQ==",
      "requires": {
        "has": "^1.0.3"
      }
    },
    "isarray": {
      "version": "1.0.0",
      "resolved": "https://registry.npmjs.org/isarray/-/isarray-1.0.0.tgz",
      "integrity": "sha1-u5NdSFgsuhaMBoNJV6VKPgcSTxE="
    },
    "jsxgettext": {
      "version": "0.11.0",
      "resolved": "https://registry.npmjs.org/jsxgettext/-/jsxgettext-0.11.0.tgz",
      "integrity": "sha512-sP+5kBMgZWECJX3hokbCKDjCLV9XFelQ6nmG/sYkfnXUPTzy9OY7NqiNeshW4Qak8fJsErJff9LQnY9dG4PbdA==",
      "requires": {
        "acorn": "^5.1.2",
        "acorn-jsx": "^4.0.1",
        "commander": "^2.11.0",
        "escape-string-regexp": "^1.0.5",
        "gettext-parser": "^2.0.0",
        "pug-lexer": "^4.0.0",
        "pug-parser": "^5.0.0"
      }
    },
    "lodash": {
      "version": "4.17.15",
      "resolved": "https://registry.npmjs.org/lodash/-/lodash-4.17.15.tgz",
      "integrity": "sha512-8xOcRHvCjnocdS5cpwXQXVzmmh5e5+saE2QGoeQmbKmRS6J3VQppPOIt0MnmE+4xlZoumy0GPG0D0MVIQbNA1A=="
    },
    "minimatch": {
      "version": "3.0.4",
      "resolved": "https://registry.npmjs.org/minimatch/-/minimatch-3.0.4.tgz",
      "integrity": "sha512-yJHVQEhyqPLUTgt9B83PXu6W3rx4MvvHvSUvToogpwoGDOUQ+yDrR0HRot+yOCdCO7u4hX3pWft6kWBBcqh0UA==",
      "dev": true,
      "requires": {
        "brace-expansion": "^1.1.7"
      }
    },
    "minimist": {
      "version": "0.0.8",
      "resolved": "https://registry.npmjs.org/minimist/-/minimist-0.0.8.tgz",
      "integrity": "sha1-hX/Kv8M5fSYluCKCYuhqp6ARsF0="
    },
    "object-assign": {
      "version": "4.1.1",
      "resolved": "https://registry.npmjs.org/object-assign/-/object-assign-4.1.1.tgz",
      "integrity": "sha1-IQmtx5ZYh8/AXLvUQsrIv7s2CGM="
    },
    "once": {
      "version": "1.4.0",
      "resolved": "https://registry.npmjs.org/once/-/once-1.4.0.tgz",
      "integrity": "sha1-WDsap3WWHUsROsF9nFC6753Xa9E=",
      "dev": true,
      "requires": {
        "wrappy": "1"
      }
    },
    "optimist": {
      "version": "0.6.1",
      "resolved": "https://registry.npmjs.org/optimist/-/optimist-0.6.1.tgz",
      "integrity": "sha1-2j6nRob6IaGaERwybpDrFaAZZoY=",
      "requires": {
        "minimist": "~0.0.1",
        "wordwrap": "~0.0.2"
      }
    },
    "path-is-absolute": {
      "version": "1.0.1",
      "resolved": "https://registry.npmjs.org/path-is-absolute/-/path-is-absolute-1.0.1.tgz",
      "integrity": "sha1-F0uSaHNVNP+8es5r9TpanhtcX18=",
      "dev": true
    },
    "plist": {
      "version": "3.0.1",
      "resolved": "https://registry.npmjs.org/plist/-/plist-3.0.1.tgz",
      "integrity": "sha512-GpgvHHocGRyQm74b6FWEZZVRroHKE1I0/BTjAmySaohK+cUn+hZpbqXkc3KWgW3gQYkqcQej35FohcT0FRlkRQ==",
      "requires": {
        "base64-js": "^1.2.3",
        "xmlbuilder": "^9.0.7",
        "xmldom": "0.1.x"
      }
    },
    "process-nextick-args": {
      "version": "2.0.1",
      "resolved": "https://registry.npmjs.org/process-nextick-args/-/process-nextick-args-2.0.1.tgz",
      "integrity": "sha512-3ouUOpQhtgrbOa17J7+uxOTpITYWaGP7/AhoR3+A+/1e9skrzelGi/dXzEYyvbxubEF6Wn2ypscTKiKJFFn1ag=="
    },
    "pug-error": {
      "version": "1.3.3",
      "resolved": "https://registry.npmjs.org/pug-error/-/pug-error-1.3.3.tgz",
      "integrity": "sha512-qE3YhESP2mRAWMFJgKdtT5D7ckThRScXRwkfo+Erqga7dyJdY3ZquspprMCj/9sJ2ijm5hXFWQE/A3l4poMWiQ=="
    },
    "pug-lexer": {
      "version": "4.1.0",
      "resolved": "https://registry.npmjs.org/pug-lexer/-/pug-lexer-4.1.0.tgz",
      "integrity": "sha512-i55yzEBtjm0mlplW4LoANq7k3S8gDdfC6+LThGEvsK4FuobcKfDAwt6V4jKPH9RtiE3a2Akfg5UpafZ1OksaPA==",
      "requires": {
        "character-parser": "^2.1.1",
        "is-expression": "^3.0.0",
        "pug-error": "^1.3.3"
      }
    },
    "pug-parser": {
      "version": "5.0.1",
      "resolved": "https://registry.npmjs.org/pug-parser/-/pug-parser-5.0.1.tgz",
      "integrity": "sha512-nGHqK+w07p5/PsPIyzkTQfzlYfuqoiGjaoqHv1LjOv2ZLXmGX1O+4Vcvps+P4LhxZ3drYSljjq4b+Naid126wA==",
      "requires": {
        "pug-error": "^1.3.3",
        "token-stream": "0.0.1"
      }
    },
    "readable-stream": {
      "version": "2.3.7",
      "resolved": "https://registry.npmjs.org/readable-stream/-/readable-stream-2.3.7.tgz",
      "integrity": "sha512-Ebho8K4jIbHAxnuxi7o42OrZgF/ZTNcsZj6nRKyUmkhLFq8CHItp/fy6hQZuZmP/n3yZ9VBUbp4zz/mX8hmYPw==",
      "requires": {
        "core-util-is": "~1.0.0",
        "inherits": "~2.0.3",
        "isarray": "~1.0.0",
        "process-nextick-args": "~2.0.0",
        "safe-buffer": "~5.1.1",
        "string_decoder": "~1.1.1",
        "util-deprecate": "~1.0.1"
      },
      "dependencies": {
        "safe-buffer": {
          "version": "5.1.2",
          "resolved": "https://registry.npmjs.org/safe-buffer/-/safe-buffer-5.1.2.tgz",
          "integrity": "sha512-Gd2UZBJDkXlY7GbJxfsE8/nvKkUEU1G38c1siN6QP6a9PT9MmHB8GnpscSmMJSoF8LOIrt8ud/wPtojys4G6+g=="
        }
      }
    },
    "safe-buffer": {
      "version": "5.2.0",
      "resolved": "https://registry.npmjs.org/safe-buffer/-/safe-buffer-5.2.0.tgz",
      "integrity": "sha512-fZEwUGbVl7kouZs1jCdMLdt95hdIv0ZeHg6L7qPeciMZhZ+/gdesW4wgTARkrFWEpspjEATAzUGPG8N2jJiwbg=="
    },
    "safer-buffer": {
      "version": "2.1.2",
      "resolved": "https://registry.npmjs.org/safer-buffer/-/safer-buffer-2.1.2.tgz",
      "integrity": "sha512-YZo3K82SD7Riyi0E1EQPojLz7kpepnSQI9IyPbHHg1XXXevb5dJI7tpyN2ADxGcQbHG7vcyRHk0cbwqcQriUtg=="
    },
    "string_decoder": {
      "version": "1.1.1",
      "resolved": "https://registry.npmjs.org/string_decoder/-/string_decoder-1.1.1.tgz",
      "integrity": "sha512-n/ShnvDi6FHbbVfviro+WojiFzv+s8MPMHBczVePfUpDJLwoLT0ht1l4YwBCbi8pJAveEEdnkHyPyTP/mzRfwg==",
      "requires": {
        "safe-buffer": "~5.1.0"
      },
      "dependencies": {
        "safe-buffer": {
          "version": "5.1.2",
          "resolved": "https://registry.npmjs.org/safe-buffer/-/safe-buffer-5.1.2.tgz",
          "integrity": "sha512-Gd2UZBJDkXlY7GbJxfsE8/nvKkUEU1G38c1siN6QP6a9PT9MmHB8GnpscSmMJSoF8LOIrt8ud/wPtojys4G6+g=="
        }
      }
    },
    "token-stream": {
      "version": "0.0.1",
      "resolved": "https://registry.npmjs.org/token-stream/-/token-stream-0.0.1.tgz",
      "integrity": "sha1-zu78cXp2xDFvEm0LnbqlXX598Bo="
    },
    "util-deprecate": {
      "version": "1.0.2",
      "resolved": "https://registry.npmjs.org/util-deprecate/-/util-deprecate-1.0.2.tgz",
      "integrity": "sha1-RQ1Nyfpw3nMnYvvS1KKJgUGaDM8="
    },
    "vows": {
      "version": "0.8.2",
      "resolved": "https://registry.npmjs.org/vows/-/vows-0.8.2.tgz",
      "integrity": "sha1-aR95qybM3oC6cm3en+yOc9a88us=",
      "dev": true,
      "requires": {
        "diff": "~1.0.8",
        "eyes": "~0.1.6",
        "glob": "^7.1.2"
      }
    },
    "wordwrap": {
      "version": "0.0.3",
      "resolved": "https://registry.npmjs.org/wordwrap/-/wordwrap-0.0.3.tgz",
      "integrity": "sha1-o9XabNXAvAAI03I0u68b7WMFkQc="
    },
    "wrappy": {
      "version": "1.0.2",
      "resolved": "https://registry.npmjs.org/wrappy/-/wrappy-1.0.2.tgz",
      "integrity": "sha1-tSQ9jz7BqjXxNkYFvA0QNuMKtp8=",
      "dev": true
    },
    "xmlbuilder": {
      "version": "9.0.7",
      "resolved": "https://registry.npmjs.org/xmlbuilder/-/xmlbuilder-9.0.7.tgz",
      "integrity": "sha1-Ey7mPS7FVlxVfiD0wi35rKaGsQ0="
    },
    "xmldom": {
      "version": "0.1.31",
      "resolved": "https://registry.npmjs.org/xmldom/-/xmldom-0.1.31.tgz",
      "integrity": "sha512-yS2uJflVQs6n+CyjHoaBmVSqIDevTAWrzMmjG1Gc7h1qQ7uVozNhEPJAwZXWyGQ/Gafo3fCwrcaokezLPupVyQ=="
    }
  }
}
